PODS:
  - SnapKit (5.6.0)
  - WZSnapKit (3.0.5):
    - SnapKit (~> 5.6.0)
    - WZSnapKit/Source (= 3.0.5)
  - WZSnapKit/Source (3.0.5):
    - SnapKit (~> 5.6.0)

DEPENDENCIES:
  - WZSnapKit (from `../`)

SPEC REPOS:
  trunk:
    - SnapKit

EXTERNAL SOURCES:
  WZSnapKit:
    :path: "../"

SPEC CHECKSUMS:
  SnapKit: e01d52ebb8ddbc333eefe2132acf85c8227d9c25
  WZSnapKit: d83bf50bb2a6e09e7bbdcd26689b74caec3d331d

PODFILE CHECKSUM: 433ff034feb702ac3196553de0f04d24cba7e360

COCOAPODS: 1.11.3
